
Microsoft Visual Studio Solution File, Format Version 12.00
# Visual Studio Version 16
VisualStudioVersion = 16.0.30717.126
MinimumVisualStudioVersion = 10.0.40219.1
Project("{FAE04EC0-301F-11D3-BF4B-00C04F79EFBC}") = "AsunderNoMore", "AsunderNoMore\AsunderNoMore.csproj", "{1FD40D66-4C09-4D45-9331-94A20C230C42}"
EndProject
Project("{FAE04EC0-301F-11D3-BF4B-00C04F79EFBC}") = "SR1Repository", "SR1Repository\SR1Repository.csproj", "{5FE9EED2-4BC5-4D5D-83D0-3548C91AE14D}"
EndProject
Global
	GlobalSection(SolutionConfigurationPlatforms) = preSolution
		Debug|Any CPU = Debug|Any CPU
		Release|Any CPU = Release|Any CPU
	EndGlobalSection
	GlobalSection(ProjectConfigurationPlatforms) = postSolution
		{1FD40D66-4C09-4D45-9331-94A20C230C42}.Debug|Any CPU.ActiveCfg = Debug|Any CPU
		{1FD40D66-4C09-4D45-9331-94A20C230C42}.Debug|Any CPU.Build.0 = Debug|Any CPU
		{1FD40D66-4C09-4D45-9331-94A20C230C42}.Release|Any CPU.ActiveCfg = Release|Any CPU
		{1FD40D66-4C09-4D45-9331-94A20C230C42}.Release|Any CPU.Build.0 = Release|Any CPU
		{5FE9EED2-4BC5-4D5D-83D0-3548C91AE14D}.Debug|Any CPU.ActiveCfg = Debug|Any CPU
		{5FE9EED2-4BC5-4D5D-83D0-3548C91AE14D}.Debug|Any CPU.Build.0 = Debug|Any CPU
		{5FE9EED2-4BC5-4D5D-83D0-3548C91AE14D}.Release|Any CPU.ActiveCfg = Release|Any CPU
		{5FE9EED2-4BC5-4D5D-83D0-3548C91AE14D}.Release|Any CPU.Build.0 = Release|Any CPU
	EndGlobalSection
	GlobalSection(SolutionProperties) = preSolution
		HideSolutionNode = FALSE
	EndGlobalSection
	GlobalSection(ExtensibilityGlobals) = postSolution
		SolutionGuid = {D96567A6-6764-4419-8DB3-B5412A323841}
	EndGlobalSection
EndGlobal
